
Microsoft Visual Studio Solution File, Format Version 12.00
# Visual Studio Version 17
VisualStudioVersion = 17.13.35931.197 d17.13
MinimumVisualStudioVersion = 10.0.40219.1
Project("{8BC9CEB8-8B4A-11D0-8D11-00A0C91BC942}") = "lab5zad2", "lab5zad2.vcxproj", "{83FFF2EE-6155-4DDC-97C6-50940AEF3FFB}"
EndProject
Global
	GlobalSection(SolutionConfigurationPlatforms) = preSolution
		Debug|x64 = Debug|x64
		Debug|x86 = Debug|x86
		Release|x64 = Release|x64
		Release|x86 = Release|x86
	EndGlobalSection
	GlobalSection(ProjectConfigurationPlatforms) = postSolution
		{83FFF2EE-6155-4DDC-97C6-50940AEF3FFB}.Debug|x64.ActiveCfg = Debug|x64
		{83FFF2EE-6155-4DDC-97C6-50940AEF3FFB}.Debug|x64.Build.0 = Debug|x64
		{83FFF2EE-6155-4DDC-97C6-50940AEF3FFB}.Debug|x86.ActiveCfg = Debug|Win32
		{83FFF2EE-6155-4DDC-97C6-50940AEF3FFB}.Debug|x86.Build.0 = Debug|Win32
		{83FFF2EE-6155-4DDC-97C6-50940AEF3FFB}.Release|x64.ActiveCfg = Release|x64
		{83FFF2EE-6155-4DDC-97C6-50940AEF3FFB}.Release|x64.Build.0 = Release|x64
		{83FFF2EE-6155-4DDC-97C6-50940AEF3FFB}.Release|x86.ActiveCfg = Release|Win32
		{83FFF2EE-6155-4DDC-97C6-50940AEF3FFB}.Release|x86.Build.0 = Release|Win32
	EndGlobalSection
	GlobalSection(SolutionProperties) = preSolution
		HideSolutionNode = FALSE
	EndGlobalSection
	GlobalSection(ExtensibilityGlobals) = postSolution
		SolutionGuid = {A52C4772-D217-4C79-9644-1A11031D74AF}
	EndGlobalSection
EndGlobal
